
Microsoft Visual Studio Solution File, Format Version 12.00
# Visual Studio Version 17
VisualStudioVersion = 17.6.33815.320
MinimumVisualStudioVersion = 10.0.40219.1
Project("{FAE04EC0-301F-11D3-BF4B-00C04F79EFBC}") = "DialogLesson", "DialogLesson\DialogLesson.csproj", "{0890CD0B-534A-46B4-B2B3-D81538D7ED96}"
EndProject
Global
	GlobalSection(SolutionConfigurationPlatforms) = preSolution
		Debug|Any CPU = Debug|Any CPU
		Release|Any CPU = Release|Any CPU
	EndGlobalSection
	GlobalSection(ProjectConfigurationPlatforms) = postSolution
		{0890CD0B-534A-46B4-B2B3-D81538D7ED96}.Debug|Any CPU.ActiveCfg = Debug|Any CPU
		{0890CD0B-534A-46B4-B2B3-D81538D7ED96}.Debug|Any CPU.Build.0 = Debug|Any CPU
		{0890CD0B-534A-46B4-B2B3-D81538D7ED96}.Release|Any CPU.ActiveCfg = Release|Any CPU
		{0890CD0B-534A-46B4-B2B3-D81538D7ED96}.Release|Any CPU.Build.0 = Release|Any CPU
	EndGlobalSection
	GlobalSection(SolutionProperties) = preSolution
		HideSolutionNode = FALSE
	EndGlobalSection
	GlobalSection(ExtensibilityGlobals) = postSolution
		SolutionGuid = {36CBD4CC-ABD8-46B6-8BEB-1ED5C6DCE9DB}
	EndGlobalSection
EndGlobal
